
Microsoft Visual Studio Solution File, Format Version 12.00
# Visual Studio 15
VisualStudioVersion = 15.0.27703.2035
MinimumVisualStudioVersion = 10.0.40219.1
Project("{FAE04EC0-301F-11D3-BF4B-00C04F79EFBC}") = "GameOfLife.UI", "GameOfLife.UI\GameOfLife.UI.csproj", "{4F2BA625-EBC2-4363-9EFC-A1AC3417EEAE}"
EndProject
Project("{9A19103F-16F7-4668-BE54-9A1E7A4F7556}") = "GameOfLife.Game", "GameOfLife.Game\GameOfLife.Game.csproj", "{E394718B-407B-4481-8DA9-10D17510D86F}"
EndProject
Project("{FAE04EC0-301F-11D3-BF4B-00C04F79EFBC}") = "GameOfLife.Game.Test", "GameOfLife.Game.Test\GameOfLife.Game.Test.csproj", "{45DC4B6D-203A-4D3D-BD0E-5A3D537F76EB}"
EndProject
Global
	GlobalSection(SolutionConfigurationPlatforms) = preSolution
		Debug|Any CPU = Debug|Any CPU
		Release|Any CPU = Release|Any CPU
	EndGlobalSection
	GlobalSection(ProjectConfigurationPlatforms) = postSolution
		{4F2BA625-EBC2-4363-9EFC-A1AC3417EEAE}.Debug|Any CPU.ActiveCfg = Debug|Any CPU
		{4F2BA625-EBC2-4363-9EFC-A1AC3417EEAE}.Debug|Any CPU.Build.0 = Debug|Any CPU
		{4F2BA625-EBC2-4363-9EFC-A1AC3417EEAE}.Release|Any CPU.ActiveCfg = Release|Any CPU
		{4F2BA625-EBC2-4363-9EFC-A1AC3417EEAE}.Release|Any CPU.Build.0 = Release|Any CPU
		{E394718B-407B-4481-8DA9-10D17510D86F}.Debug|Any CPU.ActiveCfg = Debug|Any CPU
		{E394718B-407B-4481-8DA9-10D17510D86F}.Debug|Any CPU.Build.0 = Debug|Any CPU
		{E394718B-407B-4481-8DA9-10D17510D86F}.Release|Any CPU.ActiveCfg = Release|Any CPU
		{E394718B-407B-4481-8DA9-10D17510D86F}.Release|Any CPU.Build.0 = Release|Any CPU
		{45DC4B6D-203A-4D3D-BD0E-5A3D537F76EB}.Debug|Any CPU.ActiveCfg = Debug|Any CPU
		{45DC4B6D-203A-4D3D-BD0E-5A3D537F76EB}.Debug|Any CPU.Build.0 = Debug|Any CPU
		{45DC4B6D-203A-4D3D-BD0E-5A3D537F76EB}.Release|Any CPU.ActiveCfg = Release|Any CPU
		{45DC4B6D-203A-4D3D-BD0E-5A3D537F76EB}.Release|Any CPU.Build.0 = Release|Any CPU
	EndGlobalSection
	GlobalSection(SolutionProperties) = preSolution
		HideSolutionNode = FALSE
	EndGlobalSection
	GlobalSection(ExtensibilityGlobals) = postSolution
		SolutionGuid = {99C1CD66-9084-4E1F-84EE-08A5069FC39D}
	EndGlobalSection
EndGlobal
